{
  "name": "Garamante",
  "lockfileVersion": 2,
  "requires": true,
  "packages": {
    "": {
      "dependencies": {
        "atropos": "^1.0.2",
        "bootstrap": "^5.2.2",
        "bootstrap-icons": "^1.10.1",
        "jquery": "^3.6.1",
        "jquery.session": "^1.0.0"
      }
    },
    "node_modules/@popperjs/core": {
      "version": "2.11.6",
      "resolved": "https://registry.npmjs.org/@popperjs/core/-/core-2.11.6.tgz",
      "integrity": "sha512-50/17A98tWUfQ176raKiOGXuYpLyyVMkxxG6oylzL3BPOlA6ADGdK7EYunSa4I064xerltq9TGXs8HmOk5E+vw==",
      "peer": true,
      "funding": {
        "type": "opencollective",
        "url": "https://opencollective.com/popperjs"
      }
    },
    "node_modules/atropos": {
      "version": "1.0.2",
      "resolved": "https://registry.npmjs.org/atropos/-/atropos-1.0.2.tgz",
      "integrity": "sha512-0RqyHfMyIhRXgnHuSQz2LVOE81jtAQ7EZTrF75ngiipklIsxajZ2vD042EXdiIEDs6eEAzfE10k+YhIbNl4/eg==",
      "engines": {
        "node": ">= 12.0.0"
      }
    },
    "node_modules/bootstrap": {
      "version": "5.2.3",
      "resolved": "https://registry.npmjs.org/bootstrap/-/bootstrap-5.2.3.tgz",
      "integrity": "sha512-cEKPM+fwb3cT8NzQZYEu4HilJ3anCrWqh3CHAok1p9jXqMPsPTBhU25fBckEJHJ/p+tTxTFTsFQGM+gaHpi3QQ==",
      "funding": [
        {
          "type": "github",
          "url": "https://github.com/sponsors/twbs"
        },
        {
          "type": "opencollective",
          "url": "https://opencollective.com/bootstrap"
        }
      ],
      "peerDependencies": {
        "@popperjs/core": "^2.11.6"
      }
    },
    "node_modules/bootstrap-icons": {
      "version": "1.10.2",
      "resolved": "https://registry.npmjs.org/bootstrap-icons/-/bootstrap-icons-1.10.2.tgz",
      "integrity": "sha512-PTPYadRn1AMGr+QTSxe4ZCc+Wzv9DGZxbi3lNse/dajqV31n2/wl/7NX78ZpkvFgRNmH4ogdIQPQmxAfhEV6nA=="
    },
    "node_modules/jquery": {
      "version": "3.6.1",
      "resolved": "https://registry.npmjs.org/jquery/-/jquery-3.6.1.tgz",
      "integrity": "sha512-opJeO4nCucVnsjiXOE+/PcCgYw9Gwpvs/a6B1LL/lQhwWwpbVEVYDZ1FokFr8PRc7ghYlrFPuyHuiiDNTQxmcw=="
    },
    "node_modules/jquery.session": {
      "version": "1.0.0",
      "resolved": "https://registry.npmjs.org/jquery.session/-/jquery.session-1.0.0.tgz",
      "integrity": "sha512-7c2FxqKF/7UC/djrMddJ3kAxwpR/bSQCoIUVkBXBFN3pVTfHe1BzINTquBmLeXepKGqcdLVm1Jfcd+5sBNnItA=="
    }
  },
  "dependencies": {
    "@popperjs/core": {
      "version": "2.11.6",
      "resolved": "https://registry.npmjs.org/@popperjs/core/-/core-2.11.6.tgz",
      "integrity": "sha512-50/17A98tWUfQ176raKiOGXuYpLyyVMkxxG6oylzL3BPOlA6ADGdK7EYunSa4I064xerltq9TGXs8HmOk5E+vw==",
      "peer": true
    },
    "atropos": {
      "version": "1.0.2",
      "resolved": "https://registry.npmjs.org/atropos/-/atropos-1.0.2.tgz",
      "integrity": "sha512-0RqyHfMyIhRXgnHuSQz2LVOE81jtAQ7EZTrF75ngiipklIsxajZ2vD042EXdiIEDs6eEAzfE10k+YhIbNl4/eg=="
    },
    "bootstrap": {
      "version": "5.2.3",
      "resolved": "https://registry.npmjs.org/bootstrap/-/bootstrap-5.2.3.tgz",
      "integrity": "sha512-cEKPM+fwb3cT8NzQZYEu4HilJ3anCrWqh3CHAok1p9jXqMPsPTBhU25fBckEJHJ/p+tTxTFTsFQGM+gaHpi3QQ==",
      "requires": {}
    },
    "bootstrap-icons": {
      "version": "1.10.2",
      "resolved": "https://registry.npmjs.org/bootstrap-icons/-/bootstrap-icons-1.10.2.tgz",
      "integrity": "sha512-PTPYadRn1AMGr+QTSxe4ZCc+Wzv9DGZxbi3lNse/dajqV31n2/wl/7NX78ZpkvFgRNmH4ogdIQPQmxAfhEV6nA=="
    },
    "jquery": {
      "version": "3.6.1",
      "resolved": "https://registry.npmjs.org/jquery/-/jquery-3.6.1.tgz",
      "integrity": "sha512-opJeO4nCucVnsjiXOE+/PcCgYw9Gwpvs/a6B1LL/lQhwWwpbVEVYDZ1FokFr8PRc7ghYlrFPuyHuiiDNTQxmcw=="
    },
    "jquery.session": {
      "version": "1.0.0",
      "resolved": "https://registry.npmjs.org/jquery.session/-/jquery.session-1.0.0.tgz",
      "integrity": "sha512-7c2FxqKF/7UC/djrMddJ3kAxwpR/bSQCoIUVkBXBFN3pVTfHe1BzINTquBmLeXepKGqcdLVm1Jfcd+5sBNnItA=="
    }
  }
}
